
Microsoft Visual Studio Solution File, Format Version 12.00
# Visual Studio 15
VisualStudioVersion = 15.0.27130.2003
MinimumVisualStudioVersion = 10.0.40219.1
Project("{FAE04EC0-301F-11D3-BF4B-00C04F79EFBC}") = "TSPP", "TSPP\TSPP.csproj", "{523F7BDD-FD4C-413D-A9BA-7440594F06BC}"
EndProject
Global
	GlobalSection(SolutionConfigurationPlatforms) = preSolution
		Debug|Any CPU = Debug|Any CPU
		Release|Any CPU = Release|Any CPU
	EndGlobalSection
	GlobalSection(ProjectConfigurationPlatforms) = postSolution
		{523F7BDD-FD4C-413D-A9BA-7440594F06BC}.Debug|Any CPU.ActiveCfg = Debug|Any CPU
		{523F7BDD-FD4C-413D-A9BA-7440594F06BC}.Debug|Any CPU.Build.0 = Debug|Any CPU
		{523F7BDD-FD4C-413D-A9BA-7440594F06BC}.Release|Any CPU.ActiveCfg = Release|Any CPU
		{523F7BDD-FD4C-413D-A9BA-7440594F06BC}.Release|Any CPU.Build.0 = Release|Any CPU
	EndGlobalSection
	GlobalSection(SolutionProperties) = preSolution
		HideSolutionNode = FALSE
	EndGlobalSection
	GlobalSection(ExtensibilityGlobals) = postSolution
		SolutionGuid = {68822680-CAED-4342-962D-F15E0E1AE1FE}
	EndGlobalSection
EndGlobal
